
Microsoft Visual Studio Solution File, Format Version 12.00
# Visual Studio Version 16
VisualStudioVersion = 16.0.31313.79
MinimumVisualStudioVersion = 10.0.40219.1
Project("{FAE04EC0-301F-11D3-BF4B-00C04F79EFBC}") = "ReactProjectBase", "ReactProjectBase\ReactProjectBase.csproj", "{C49045A8-BB0B-4052-B30C-EE60D31E6385}"
EndProject
Global
	GlobalSection(SolutionConfigurationPlatforms) = preSolution
		Debug|Any CPU = Debug|Any CPU
		Release|Any CPU = Release|Any CPU
	EndGlobalSection
	GlobalSection(ProjectConfigurationPlatforms) = postSolution
		{C49045A8-BB0B-4052-B30C-EE60D31E6385}.Debug|Any CPU.ActiveCfg = Debug|Any CPU
		{C49045A8-BB0B-4052-B30C-EE60D31E6385}.Debug|Any CPU.Build.0 = Debug|Any CPU
		{C49045A8-BB0B-4052-B30C-EE60D31E6385}.Release|Any CPU.ActiveCfg = Release|Any CPU
		{C49045A8-BB0B-4052-B30C-EE60D31E6385}.Release|Any CPU.Build.0 = Release|Any CPU
	EndGlobalSection
	GlobalSection(SolutionProperties) = preSolution
		HideSolutionNode = FALSE
	EndGlobalSection
	GlobalSection(ExtensibilityGlobals) = postSolution
		SolutionGuid = {00C4ED9C-4F87-4C46-AA93-A01136A90CE0}
	EndGlobalSection
EndGlobal
